
Microsoft Visual Studio Solution File, Format Version 12.00
# Visual Studio Version 16
VisualStudioVersion = 16.0.29001.49
MinimumVisualStudioVersion = 10.0.40219.1
Project("{FAE04EC0-301F-11D3-BF4B-00C04F79EFBC}") = "Circle", "Circle\Circle.csproj", "{C74DE3AD-E08D-4501-8E6C-A086B6762E9D}"
EndProject
Global
	GlobalSection(SolutionConfigurationPlatforms) = preSolution
		Debug|Any CPU = Debug|Any CPU
		Release|Any CPU = Release|Any CPU
	EndGlobalSection
	GlobalSection(ProjectConfigurationPlatforms) = postSolution
		{C74DE3AD-E08D-4501-8E6C-A086B6762E9D}.Debug|Any CPU.ActiveCfg = Debug|Any CPU
		{C74DE3AD-E08D-4501-8E6C-A086B6762E9D}.Debug|Any CPU.Build.0 = Debug|Any CPU
		{C74DE3AD-E08D-4501-8E6C-A086B6762E9D}.Release|Any CPU.ActiveCfg = Release|Any CPU
		{C74DE3AD-E08D-4501-8E6C-A086B6762E9D}.Release|Any CPU.Build.0 = Release|Any CPU
	EndGlobalSection
	GlobalSection(SolutionProperties) = preSolution
		HideSolutionNode = FALSE
	EndGlobalSection
	GlobalSection(ExtensibilityGlobals) = postSolution
		SolutionGuid = {5580FFD1-AB63-4403-A16A-FE745F612DA7}
	EndGlobalSection
EndGlobal
